
Microsoft Visual Studio Solution File, Format Version 12.00
# Visual Studio Version 17
VisualStudioVersion = 17.0.32112.339
MinimumVisualStudioVersion = 10.0.40219.1
Project("{2150E333-8FDC-42A3-9474-1A3956D46DE8}") = "Solution Items", "Solution Items", "{92FC4D71-6291-4AE7-9F2A-CD6302BDFE5C}"
	ProjectSection(SolutionItems) = preProject
		.editorconfig = .editorconfig
	EndProjectSection
EndProject
Project("{9A19103F-16F7-4668-BE54-9A1E7A4F7556}") = "Remove Duplicates", "Remove Duplicates\Remove Duplicates.csproj", "{2C0FFE9B-DF18-40F6-815F-8E4B1CFA1AF0}"
EndProject
Global
	GlobalSection(SolutionConfigurationPlatforms) = preSolution
		Debug|Any CPU = Debug|Any CPU
		Release|Any CPU = Release|Any CPU
	EndGlobalSection
	GlobalSection(ProjectConfigurationPlatforms) = postSolution
		{2C0FFE9B-DF18-40F6-815F-8E4B1CFA1AF0}.Debug|Any CPU.ActiveCfg = Debug|Any CPU
		{2C0FFE9B-DF18-40F6-815F-8E4B1CFA1AF0}.Debug|Any CPU.Build.0 = Debug|Any CPU
		{2C0FFE9B-DF18-40F6-815F-8E4B1CFA1AF0}.Release|Any CPU.ActiveCfg = Release|Any CPU
		{2C0FFE9B-DF18-40F6-815F-8E4B1CFA1AF0}.Release|Any CPU.Build.0 = Release|Any CPU
	EndGlobalSection
	GlobalSection(SolutionProperties) = preSolution
		HideSolutionNode = FALSE
	EndGlobalSection
	GlobalSection(ExtensibilityGlobals) = postSolution
		SolutionGuid = {25D60F84-7758-4AB9-833D-2F52AE082E93}
	EndGlobalSection
EndGlobal
